
Microsoft Visual Studio Solution File, Format Version 12.00
# Visual Studio 15
VisualStudioVersion = 15.0.26403.7
MinimumVisualStudioVersion = 10.0.40219.1
Project("{FAE04EC0-301F-11D3-BF4B-00C04F79EFBC}") = "SS.Rainwave.Client.Console", "SS.Rainwave.Client.Console\SS.Rainwave.Client.Console.csproj", "{6C22364E-E93E-47AC-A6C4-D259C17DAA49}"
EndProject
Project("{FAE04EC0-301F-11D3-BF4B-00C04F79EFBC}") = "SS.Rainwave", "SS.Rainwave\SS.Rainwave.csproj", "{00B98816-D95C-40F6-A8CD-A30195A32A17}"
EndProject
Global
	GlobalSection(SolutionConfigurationPlatforms) = preSolution
		Debug|Any CPU = Debug|Any CPU
		Release|Any CPU = Release|Any CPU
	EndGlobalSection
	GlobalSection(ProjectConfigurationPlatforms) = postSolution
		{6C22364E-E93E-47AC-A6C4-D259C17DAA49}.Debug|Any CPU.ActiveCfg = Debug|Any CPU
		{6C22364E-E93E-47AC-A6C4-D259C17DAA49}.Debug|Any CPU.Build.0 = Debug|Any CPU
		{6C22364E-E93E-47AC-A6C4-D259C17DAA49}.Release|Any CPU.ActiveCfg = Release|Any CPU
		{6C22364E-E93E-47AC-A6C4-D259C17DAA49}.Release|Any CPU.Build.0 = Release|Any CPU
		{00B98816-D95C-40F6-A8CD-A30195A32A17}.Debug|Any CPU.ActiveCfg = Debug|Any CPU
		{00B98816-D95C-40F6-A8CD-A30195A32A17}.Debug|Any CPU.Build.0 = Debug|Any CPU
		{00B98816-D95C-40F6-A8CD-A30195A32A17}.Release|Any CPU.ActiveCfg = Release|Any CPU
		{00B98816-D95C-40F6-A8CD-A30195A32A17}.Release|Any CPU.Build.0 = Release|Any CPU
	EndGlobalSection
	GlobalSection(SolutionProperties) = preSolution
		HideSolutionNode = FALSE
	EndGlobalSection
	GlobalSection(MercurialSourceControlSolutionProperties) = preSolution
		SolutionIsControlled = True
		SolutionBindings = <Solution Location In Database>
	EndGlobalSection
EndGlobal
